// !$*UTF8*$!
{
	archiveVersion = 1;
	classes = {
	};
	objectVersion = 46;
	objects = {

/* Begin PBXBuildFile section */
		108748841E41713A00BF29A0 /* AppDelegate.swift in Sources */ = {isa = PBXBuildFile; fileRef = 108748831E41713A00BF29A0 /* AppDelegate.swift */; };
		108748891E41713A00BF29A0 /* Main.storyboard in Resources */ = {isa = PBXBuildFile; fileRef = 108748871E41713A00BF29A0 /* Main.storyboard */; };
		1087488B1E41713A00BF29A0 /* Assets.xcassets in Resources */ = {isa = PBXBuildFile; fileRef = 1087488A1E41713A00BF29A0 /* Assets.xcassets */; };
		1087488E1E41713A00BF29A0 /* LaunchScreen.storyboard in Resources */ = {isa = PBXBuildFile; fileRef = 1087488C1E41713A00BF29A0 /* LaunchScreen.storyboard */; };
		108748961E4172D300BF29A0 /* PhotosViewController.swift in Sources */ = {isa = PBXBuildFile; fileRef = 108748951E4172D300BF29A0 /* PhotosViewController.swift */; };
		108748981E4176F200BF29A0 /* PhotoCell.swift in Sources */ = {isa = PBXBuildFile; fileRef = 108748971E4176F200BF29A0 /* PhotoCell.swift */; };
		E278B44F166F08EF04473F58 /* Pods_codepath_lab1_tumblr.framework in Frameworks */ = {isa = PBXBuildFile; fileRef = 4D4E44CAAA5A1CD8F94A4372 /* Pods_codepath_lab1_tumblr.framework */; };
/* End PBXBuildFile section */

/* Begin PBXFileReference section */
		108748801E41713A00BF29A0 /* codepath-lab1-tumblr.app */ = {isa = PBXFileReference; explicitFileType = wrapper.application; includeInIndex = 0; path = "codepath-lab1-tumblr.app"; sourceTree = BUILT_PRODUCTS_DIR; };
		108748831E41713A00BF29A0 /* AppDelegate.swift */ = {isa = PBXFileReference; lastKnownFileType = sourcecode.swift; path = AppDelegate.swift; sourceTree = "<group>"; };
		108748881E41713A00BF29A0 /* Base */ = {isa = PBXFileReference; lastKnownFileType = file.storyboard; name = Base; path = Base.lproj/Main.storyboard; sourceTree = "<group>"; };
		1087488A1E41713A00BF29A0 /* Assets.xcassets */ = {isa = PBXFileReference; lastKnownFileType = folder.assetcatalog; path = Assets.xcassets; sourceTree = "<group>"; };
		1087488D1E41713A00BF29A0 /* Base */ = {isa = PBXFileReference; lastKnownFileType = file.storyboard; name = Base; path = Base.lproj/LaunchScreen.storyboard; sourceTree = "<group>"; };
		1087488F1E41713A00BF29A0 /* Info.plist */ = {isa = PBXFileReference; lastKnownFileType = text.plist.xml; path = Info.plist; sourceTree = "<group>"; };
		108748951E4172D300BF29A0 /* PhotosViewController.swift */ = {isa = PBXFileReference; fileEncoding = 4; lastKnownFileType = sourcecode.swift; path = PhotosViewController.swift; sourceTree = "<group>"; };
		108748971E4176F200BF29A0 /* PhotoCell.swift */ = {isa = PBXFileReference; fileEncoding = 4; lastKnownFileType = sourcecode.swift; path = PhotoCell.swift; sourceTree = "<group>"; };
		4D4E44CAAA5A1CD8F94A4372 /* Pods_codepath_lab1_tumblr.framework */ = {isa = PBXFileReference; explicitFileType = wrapper.framework; includeInIndex = 0; path = Pods_codepath_lab1_tumblr.framework; sourceTree = BUILT_PRODUCTS_DIR; };
		C37AF93B5E35742ADDAA0A23 /* Pods-codepath-lab1-tumblr.release.xcconfig */ = {isa = PBXFileReference; includeInIndex = 1; lastKnownFileType = text.xcconfig; name = "Pods-codepath-lab1-tumblr.release.xcconfig"; path = "Pods/Target Support Files/Pods-codepath-lab1-tumblr/Pods-codepath-lab1-tumblr.release.xcconfig"; sourceTree = "<group>"; };
		DD5749E6B6DA62C2733897C1 /* Pods-codepath-lab1-tumblr.debug.xcconfig */ = {isa = PBXFileReference; includeInIndex = 1; lastKnownFileType = text.xcconfig; name = "Pods-codepath-lab1-tumblr.debug.xcconfig"; path = "Pods/Target Support Files/Pods-codepath-lab1-tumblr/Pods-codepath-lab1-tumblr.debug.xcconfig"; sourceTree = "<group>"; };
/* End PBXFileReference section */

/* Begin PBXFrameworksBuildPhase section */
		1087487D1E41713A00BF29A0 /* Frameworks */ = {
			isa = PBXFrameworksBuildPhase;
			buildActionMask = 2147483647;
			files = (
				E278B44F166F08EF04473F58 /* Pods_codepath_lab1_tumblr.framework in Frameworks */,
			);
			runOnlyForDeploymentPostprocessing = 0;
		};
/* End PBXFrameworksBuildPhase section */

/* Begin PBXGroup section */
		108748771E41713A00BF29A0 = {
			isa = PBXGroup;
			children = (
				108748821E41713A00BF29A0 /* codepath-lab1-tumblr */,
				108748811E41713A00BF29A0 /* Products */,
				73A4974045681BB476DE9748 /* Pods */,
				33569AD7CE4F807E36037918 /* Frameworks */,
			);
			sourceTree = "<group>";
		};
		108748811E41713A00BF29A0 /* Products */ = {
			isa = PBXGroup;
			children = (
				108748801E41713A00BF29A0 /* codepath-lab1-tumblr.app */,
			);
			name = Products;
			sourceTree = "<group>";
		};
		108748821E41713A00BF29A0 /* codepath-lab1-tumblr */ = {
			isa = PBXGroup;
			children = (
				108748831E41713A00BF29A0 /* AppDelegate.swift */,
				108748871E41713A00BF29A0 /* Main.storyboard */,
				1087488A1E41713A00BF29A0 /* Assets.xcassets */,
				1087488C1E41713A00BF29A0 /* LaunchScreen.storyboard */,
				1087488F1E41713A00BF29A0 /* Info.plist */,
				108748951E4172D300BF29A0 /* PhotosViewController.swift */,
				108748971E4176F200BF29A0 /* PhotoCell.swift */,
			);
			path = "codepath-lab1-tumblr";
			sourceTree = "<group>";
		};
		33569AD7CE4F807E36037918 /* Frameworks */ = {
			isa = PBXGroup;
			children = (
				4D4E44CAAA5A1CD8F94A4372 /* Pods_codepath_lab1_tumblr.framework */,
			);
			name = Frameworks;
			sourceTree = "<group>";
		};
		73A4974045681BB476DE9748 /* Pods */ = {
			isa = PBXGroup;
			children = (
				DD5749E6B6DA62C2733897C1 /* Pods-codepath-lab1-tumblr.debug.xcconfig */,
				C37AF93B5E35742ADDAA0A23 /* Pods-codepath-lab1-tumblr.release.xcconfig */,
			);
			name = Pods;
			sourceTree = "<group>";
		};
/* End PBXGroup section */

/* Begin PBXNativeTarget section */
		1087487F1E41713A00BF29A0 /* codepath-lab1-tumblr */ = {
			isa = PBXNativeTarget;
			buildConfigurationList = 108748921E41713A00BF29A0 /* Build configuration list for PBXNativeTarget "codepath-lab1-tumblr" */;
			buildPhases = (
				F82ED833F00CDA74497BA2FD /* [CP] Check Pods Manifest.lock */,
				1087487C1E41713A00BF29A0 /* Sources */,
				1087487D1E41713A00BF29A0 /* Frameworks */,
				1087487E1E41713A00BF29A0 /* Resources */,
				A74B12A72C89465F7C4B8C5C /* [CP] Embed Pods Frameworks */,
				88A28C2B77DF60BFB386CE5D /* [CP] Copy Pods Resources */,
			);
			buildRules = (
			);
			dependencies = (
			);
			name = "codepath-lab1-tumblr";
			productName = "codepath-lab1-tumblr";
			productReference = 108748801E41713A00BF29A0 /* codepath-lab1-tumblr.app */;
			productType = "com.apple.product-type.application";
		};
/* End PBXNativeTarget section */

/* Begin PBXProject section */
		108748781E41713A00BF29A0 /* Project object */ = {
			isa = PBXProject;
			attributes = {
				LastSwiftUpdateCheck = 0820;
				LastUpgradeCheck = 0820;
				ORGANIZATIONNAME = "Diana C";
				TargetAttributes = {
					1087487F1E41713A00BF29A0 = {
						CreatedOnToolsVersion = 8.2.1;
						ProvisioningStyle = Automatic;
					};
				};
			};
			buildConfigurationList = 1087487B1E41713A00BF29A0 /* Build configuration list for PBXProject "codepath-lab1-tumblr" */;
			compatibilityVersion = "Xcode 3.2";
			developmentRegion = English;
			hasScannedForEncodings = 0;
			knownRegions = (
				en,
				Base,
			);
			mainGroup = 108748771E41713A00BF29A0;
			productRefGroup = 108748811E41713A00BF29A0 /* Products */;
			projectDirPath = "";
			projectRoot = "";
			targets = (
				1087487F1E41713A00BF29A0 /* codepath-lab1-tumblr */,
			);
		};
/* End PBXProject section */

/* Begin PBXResourcesBuildPhase section */
		1087487E1E41713A00BF29A0 /* Resources */ = {
			isa = PBXResourcesBuildPhase;
			buildActionMask = 2147483647;
			files = (
				1087488E1E41713A00BF29A0 /* LaunchScreen.storyboard in Resources */,
				1087488B1E41713A00BF29A0 /* Assets.xcassets in Resources */,
				108748891E41713A00BF29A0 /* Main.storyboard in Resources */,
			);
			runOnlyForDeploymentPostprocessing = 0;
		};
/* End PBXResourcesBuildPhase section */

/* Begin PBXShellScriptBuildPhase section */
		88A28C2B77DF60BFB386CE5D /* [CP] Copy Pods Resources */ = {
			isa = PBXShellScriptBuildPhase;
			buildActionMask = 2147483647;
			files = (
			);
			inputPaths = (
			);
			name = "[CP] Copy Pods Resources";
			outputPaths = (
			);
			runOnlyForDeploymentPostprocessing = 0;
			shellPath = /bin/sh;
			shellScript = "\"${SRCROOT}/Pods/Target Support Files/Pods-codepath-lab1-tumblr/Pods-codepath-lab1-tumblr-resources.sh\"\n";
			showEnvVarsInLog = 0;
		};
		A74B12A72C89465F7C4B8C5C /* [CP] Embed Pods Frameworks */ = {
			isa = PBXShellScriptBuildPhase;
			buildActionMask = 2147483647;
			files = (
			);
			inputPaths = (
			);
			name = "[CP] Embed Pods Frameworks";
			outputPaths = (
			);
			runOnlyForDeploymentPostprocessing = 0;
			shellPath = /bin/sh;
			shellScript = "\"${SRCROOT}/Pods/Target Support Files/Pods-codepath-lab1-tumblr/Pods-codepath-lab1-tumblr-frameworks.sh\"\n";
			showEnvVarsInLog = 0;
		};
		F82ED833F00CDA74497BA2FD /* [CP] Check Pods Manifest.lock */ = {
			isa = PBXShellScriptBuildPhase;
			buildActionMask = 2147483647;
			files = (
			);
			inputPaths = (
			);
			name = "[CP] Check Pods Manifest.lock";
			outputPaths = (
			);
			runOnlyForDeploymentPostprocessing = 0;
			shellPath = /bin/sh;
			shellScript = "diff \"${PODS_ROOT}/../Podfile.lock\" \"${PODS_ROOT}/Manifest.lock\" > /dev/null\nif [ $? != 0 ] ; then\n    # print error to STDERR\n    echo \"error: The sandbox is not in sync with the Podfile.lock. Run 'pod install' or update your CocoaPods installation.\" >&2\n    exit 1\nfi\n";
			showEnvVarsInLog = 0;
		};
/* End PBXShellScriptBuildPhase section */

/* Begin PBXSourcesBuildPhase section */
		1087487C1E41713A00BF29A0 /* Sources */ = {
			isa = PBXSourcesBuildPhase;
			buildActionMask = 2147483647;
			files = (
				108748841E41713A00BF29A0 /* AppDelegate.swift in Sources */,
				108748981E4176F200BF29A0 /* PhotoCell.swift in Sources */,
				108748961E4172D300BF29A0 /* PhotosViewController.swift in Sources */,
			);
			runOnlyForDeploymentPostprocessing = 0;
		};
/* End PBXSourcesBuildPhase section */

/* Begin PBXVariantGroup section */
		108748871E41713A00BF29A0 /* Main.storyboard */ = {
			isa = PBXVariantGroup;
			children = (
				108748881E41713A00BF29A0 /* Base */,
			);
			name = Main.storyboard;
			sourceTree = "<group>";
		};
		1087488C1E41713A00BF29A0 /* LaunchScreen.storyboard */ = {
			isa = PBXVariantGroup;
			children = (
				1087488D1E41713A00BF29A0 /* Base */,
			);
			name = LaunchScreen.storyboard;
			sourceTree = "<group>";
		};
/* End PBXVariantGroup section */

/* Begin XCBuildConfiguration section */
		108748901E41713A00BF29A0 /* Debug */ = {
			isa = XCBuildConfiguration;
			buildSettings = {
				ALWAYS_SEARCH_USER_PATHS = NO;
				CLANG_ANALYZER_NONNULL = YES;
				CLANG_CXX_LANGUAGE_STANDARD = "gnu++0x";
				CLANG_CXX_LIBRARY = "libc++";
				CLANG_ENABLE_MODULES = YES;
				CLANG_ENABLE_OBJC_ARC = YES;
				CLANG_WARN_BOOL_CONVERSION = YES;
				CLANG_WARN_CONSTANT_CONVERSION = YES;
				CLANG_WARN_DIRECT_OBJC_ISA_USAGE = YES_ERROR;
				CLANG_WARN_DOCUMENTATION_COMMENTS = YES;
				CLANG_WARN_EMPTY_BODY = YES;
				CLANG_WARN_ENUM_CONVERSION = YES;
				CLANG_WARN_INFINITE_RECURSION = YES;
				CLANG_WARN_INT_CONVERSION = YES;
				CLANG_WARN_OBJC_ROOT_CLASS = YES_ERROR;
				CLANG_WARN_SUSPICIOUS_MOVE = YES;
				CLANG_WARN_UNREACHABLE_CODE = YES;
				CLANG_WARN__DUPLICATE_METHOD_MATCH = YES;
				"CODE_SIGN_IDENTITY[sdk=iphoneos*]" = "iPhone Developer";
				COPY_PHASE_STRIP = NO;
				DEBUG_INFORMATION_FORMAT = dwarf;
				ENABLE_STRICT_OBJC_MSGSEND = YES;
				ENABLE_TESTABILITY = YES;
				GCC_C_LANGUAGE_STANDARD = gnu99;
				GCC_DYNAMIC_NO_PIC = NO;
				GCC_NO_COMMON_BLOCKS = YES;
				GCC_OPTIMIZATION_LEVEL = 0;
				GCC_PREPROCESSOR_DEFINITIONS = (
					"DEBUG=1",
					"$(inherited)",
				);
				GCC_WARN_64_TO_32_BIT_CONVERSION = YES;
				GCC_WARN_ABOUT_RETURN_TYPE = YES_ERROR;
				GCC_WARN_UNDECLARED_SELECTOR = YES;
				GCC_WARN_UNINITIALIZED_AUTOS = YES_AGGRESSIVE;
				GCC_WARN_UNUSED_FUNCTION = YES;
				GCC_WARN_UNUSED_VARIABLE = YES;
				IPHONEOS_DEPLOYMENT_TARGET = 10.2;
				MTL_ENABLE_DEBUG_INFO = YES;
				ONLY_ACTIVE_ARCH = YES;
				SDKROOT = iphoneos;
				SWIFT_ACTIVE_COMPILATION_CONDITIONS = DEBUG;
				SWIFT_OPTIMIZATION_LEVEL = "-Onone";
				TARGETED_DEVICE_FAMILY = "1,2";
			};
			name = Debug;
		};
		108748911E41713A00BF29A0 /* Release */ = {
			isa = XCBuildConfiguration;
			buildSettings = {
				ALWAYS_SEARCH_USER_PATHS = NO;
				CLANG_ANALYZER_NONNULL = YES;
				CLANG_CXX_LANGUAGE_STANDARD = "gnu++0x";
				CLANG_CXX_LIBRARY = "libc++";
				CLANG_ENABLE_MODULES = YES;
				CLANG_ENABLE_OBJC_ARC = YES;
				CLANG_WARN_BOOL_CONVERSION = YES;
				CLANG_WARN_CONSTANT_CONVERSION = YES;
				CLANG_WARN_DIRECT_OBJC_ISA_USAGE = YES_ERROR;
				CLANG_WARN_DOCUMENTATION_COMMENTS = YES;
				CLANG_WARN_EMPTY_BODY = YES;
				CLANG_WARN_ENUM_CONVERSION = YES;
				CLANG_WARN_INFINITE_RECURSION = YES;
				CLANG_WARN_INT_CONVERSION = YES;
				CLANG_WARN_OBJC_ROOT_CLASS = YES_ERROR;
				CLANG_WARN_SUSPICIOUS_MOVE = YES;
				CLANG_WARN_UNREACHABLE_CODE = YES;
				CLANG_WARN__DUPLICATE_METHOD_MATCH = YES;
				"CODE_SIGN_IDENTITY[sdk=iphoneos*]" = "iPhone Developer";
				COPY_PHASE_STRIP = NO;
				DEBUG_INFORMATION_FORMAT = "dwarf-with-dsym";
				ENABLE_NS_ASSERTIONS = NO;
				ENABLE_STRICT_OBJC_MSGSEND = YES;
				GCC_C_LANGUAGE_STANDARD = gnu99;
				GCC_NO_COMMON_BLOCKS = YES;
				GCC_WARN_64_TO_32_BIT_CONVERSION = YES;
				GCC_WARN_ABOUT_RETURN_TYPE = YES_ERROR;
				GCC_WARN_UNDECLARED_SELECTOR = YES;
				GCC_WARN_UNINITIALIZED_AUTOS = YES_AGGRESSIVE;
				GCC_WARN_UNUSED_FUNCTION = YES;
				GCC_WARN_UNUSED_VARIABLE = YES;
				IPHONEOS_DEPLOYMENT_TARGET = 10.2;
				MTL_ENABLE_DEBUG_INFO = NO;
				SDKROOT = iphoneos;
				SWIFT_OPTIMIZATION_LEVEL = "-Owholemodule";
				TARGETED_DEVICE_FAMILY = "1,2";
				VALIDATE_PRODUCT = YES;
			};
			name = Release;
		};
		108748931E41713A00BF29A0 /* Debug */ = {
			isa = XCBuildConfiguration;
			baseConfigurationReference = DD5749E6B6DA62C2733897C1 /* Pods-codepath-lab1-tumblr.debug.xcconfig */;
			buildSettings = {
				ASSETCATALOG_COMPILER_APPICON_NAME = AppIcon;
				INFOPLIST_FILE = "codepath-lab1-tumblr/Info.plist";
				LD_RUNPATH_SEARCH_PATHS = "$(inherited) @executable_path/Frameworks";
				PRODUCT_BUNDLE_IDENTIFIER = "dkc.codepath-lab1-tumblr";
				PRODUCT_NAME = "$(TARGET_NAME)";
				SWIFT_VERSION = 3.0;
			};
			name = Debug;
		};
		108748941E41713A00BF29A0 /* Release */ = {
			isa = XCBuildConfiguration;
			baseConfigurationReference = C37AF93B5E35742ADDAA0A23 /* Pods-codepath-lab1-tumblr.release.xcconfig */;
			buildSettings = {
				ASSETCATALOG_COMPILER_APPICON_NAME = AppIcon;
				INFOPLIST_FILE = "codepath-lab1-tumblr/Info.plist";
				LD_RUNPATH_SEARCH_PATHS = "$(inherited) @executable_path/Frameworks";
				PRODUCT_BUNDLE_IDENTIFIER = "dkc.codepath-lab1-tumblr";
				PRODUCT_NAME = "$(TARGET_NAME)";
				SWIFT_VERSION = 3.0;
			};
			name = Release;
		};
/* End XCBuildConfiguration section */

/* Begin XCConfigurationList section */
		1087487B1E41713A00BF29A0 /* Build configuration list for PBXProject "codepath-lab1-tumblr" */ = {
			isa = XCConfigurationList;
			buildConfigurations = (
				108748901E41713A00BF29A0 /* Debug */,
				108748911E41713A00BF29A0 /* Release */,
			);
			defaultConfigurationIsVisible = 0;
			defaultConfigurationName = Release;
		};
		108748921E41713A00BF29A0 /* Build configuration list for PBXNativeTarget "codepath-lab1-tumblr" */ = {
			isa = XCConfigurationList;
			buildConfigurations = (
				108748931E41713A00BF29A0 /* Debug */,
				108748941E41713A00BF29A0 /* Release */,
			);
			defaultConfigurationIsVisible = 0;
			defaultConfigurationName = Release;
		};
/* End XCConfigurationList section */
	};
	rootObject = 108748781E41713A00BF29A0 /* Project object */;
}
